
Microsoft Visual Studio Solution File, Format Version 12.00
# Visual Studio Version 16
VisualStudioVersion = 16.0.31129.286
MinimumVisualStudioVersion = 10.0.40219.1
Project("{FAE04EC0-301F-11D3-BF4B-00C04F79EFBC}") = "ACM.BL", "ACM.BL.csproj", "{76884001-E925-45AF-8DD4-FDDA23F5AE7E}"
EndProject
Project("{2150E333-8FDC-42A3-9474-1A3956D46DE8}") = "Tests", "Tests", "{3FC91C95-E785-48CD-889A-36AD3296FB7B}"
EndProject
Project("{FAE04EC0-301F-11D3-BF4B-00C04F79EFBC}") = "ACM.BLTest", "..\Tests\ACM.BLTest\ACM.BLTest.csproj", "{84B9B818-D69C-4A16-AFD2-7F876AC0B6F6}"
EndProject
Global
	GlobalSection(SolutionConfigurationPlatforms) = preSolution
		Debug|Any CPU = Debug|Any CPU
		Release|Any CPU = Release|Any CPU
	EndGlobalSection
	GlobalSection(ProjectConfigurationPlatforms) = postSolution
		{76884001-E925-45AF-8DD4-FDDA23F5AE7E}.Debug|Any CPU.ActiveCfg = Debug|Any CPU
		{76884001-E925-45AF-8DD4-FDDA23F5AE7E}.Debug|Any CPU.Build.0 = Debug|Any CPU
		{76884001-E925-45AF-8DD4-FDDA23F5AE7E}.Release|Any CPU.ActiveCfg = Release|Any CPU
		{76884001-E925-45AF-8DD4-FDDA23F5AE7E}.Release|Any CPU.Build.0 = Release|Any CPU
		{84B9B818-D69C-4A16-AFD2-7F876AC0B6F6}.Debug|Any CPU.ActiveCfg = Debug|Any CPU
		{84B9B818-D69C-4A16-AFD2-7F876AC0B6F6}.Debug|Any CPU.Build.0 = Debug|Any CPU
		{84B9B818-D69C-4A16-AFD2-7F876AC0B6F6}.Release|Any CPU.ActiveCfg = Release|Any CPU
		{84B9B818-D69C-4A16-AFD2-7F876AC0B6F6}.Release|Any CPU.Build.0 = Release|Any CPU
	EndGlobalSection
	GlobalSection(SolutionProperties) = preSolution
		HideSolutionNode = FALSE
	EndGlobalSection
	GlobalSection(NestedProjects) = preSolution
		{84B9B818-D69C-4A16-AFD2-7F876AC0B6F6} = {3FC91C95-E785-48CD-889A-36AD3296FB7B}
	EndGlobalSection
	GlobalSection(ExtensibilityGlobals) = postSolution
		SolutionGuid = {60842BA4-C8EE-453E-B529-A0EEEDF6A6C5}
	EndGlobalSection
EndGlobal
